
Microsoft Visual Studio Solution File, Format Version 12.00
# Visual Studio Version 17
VisualStudioVersion = 17.0.32014.148
MinimumVisualStudioVersion = 10.0.40219.1
Project("{FAE04EC0-301F-11D3-BF4B-00C04F79EFBC}") = "StudentOnline", "StudentOnline\StudentOnline.csproj", "{14E667F2-CE76-4C67-A51A-91782B39109F}"
EndProject
Global
	GlobalSection(SolutionConfigurationPlatforms) = preSolution
		Debug|Any CPU = Debug|Any CPU
		Release|Any CPU = Release|Any CPU
	EndGlobalSection
	GlobalSection(ProjectConfigurationPlatforms) = postSolution
		{14E667F2-CE76-4C67-A51A-91782B39109F}.Debug|Any CPU.ActiveCfg = Debug|Any CPU
		{14E667F2-CE76-4C67-A51A-91782B39109F}.Debug|Any CPU.Build.0 = Debug|Any CPU
		{14E667F2-CE76-4C67-A51A-91782B39109F}.Release|Any CPU.ActiveCfg = Release|Any CPU
		{14E667F2-CE76-4C67-A51A-91782B39109F}.Release|Any CPU.Build.0 = Release|Any CPU
	EndGlobalSection
	GlobalSection(SolutionProperties) = preSolution
		HideSolutionNode = FALSE
	EndGlobalSection
	GlobalSection(ExtensibilityGlobals) = postSolution
		SolutionGuid = {68DFC057-B565-4F6C-AD36-248D968FA108}
	EndGlobalSection
EndGlobal
